
Microsoft Visual Studio Solution File, Format Version 12.00
# Visual Studio Version 17
VisualStudioVersion = 17.5.002.0
MinimumVisualStudioVersion = 10.0.40219.1
Project("{9A19103F-16F7-4668-BE54-9A1E7A4F7556}") = "KandM Clothes", "KandM Clothes.csproj", "{FCD9EC07-B11C-4107-A9EC-6170F80EECB2}"
EndProject
Global
	GlobalSection(SolutionConfigurationPlatforms) = preSolution
		Debug|Any CPU = Debug|Any CPU
		Release|Any CPU = Release|Any CPU
	EndGlobalSection
	GlobalSection(ProjectConfigurationPlatforms) = postSolution
		{FCD9EC07-B11C-4107-A9EC-6170F80EECB2}.Debug|Any CPU.ActiveCfg = Debug|Any CPU
		{FCD9EC07-B11C-4107-A9EC-6170F80EECB2}.Debug|Any CPU.Build.0 = Debug|Any CPU
		{FCD9EC07-B11C-4107-A9EC-6170F80EECB2}.Release|Any CPU.ActiveCfg = Release|Any CPU
		{FCD9EC07-B11C-4107-A9EC-6170F80EECB2}.Release|Any CPU.Build.0 = Release|Any CPU
	EndGlobalSection
	GlobalSection(SolutionProperties) = preSolution
		HideSolutionNode = FALSE
	EndGlobalSection
	GlobalSection(ExtensibilityGlobals) = postSolution
		SolutionGuid = {3CAAF07B-F867-4AF9-8938-07E0368A8EE5}
	EndGlobalSection
EndGlobal
