
Microsoft Visual Studio Solution File, Format Version 12.00
# Visual Studio Version 17
VisualStudioVersion = 17.9.34728.123
MinimumVisualStudioVersion = 10.0.40219.1
Project("{FAE04EC0-301F-11D3-BF4B-00C04F79EFBC}") = "KandM Clothes", "KandM Clothes\KandM Clothes.csproj", "{27EBA5B2-D23B-40FC-99E9-4ADB6FA0F2C3}"
EndProject
Global
	GlobalSection(SolutionConfigurationPlatforms) = preSolution
		Debug|Any CPU = Debug|Any CPU
		Release|Any CPU = Release|Any CPU
	EndGlobalSection
	GlobalSection(ProjectConfigurationPlatforms) = postSolution
		{27EBA5B2-D23B-40FC-99E9-4ADB6FA0F2C3}.Debug|Any CPU.ActiveCfg = Debug|Any CPU
		{27EBA5B2-D23B-40FC-99E9-4ADB6FA0F2C3}.Debug|Any CPU.Build.0 = Debug|Any CPU
		{27EBA5B2-D23B-40FC-99E9-4ADB6FA0F2C3}.Release|Any CPU.ActiveCfg = Release|Any CPU
		{27EBA5B2-D23B-40FC-99E9-4ADB6FA0F2C3}.Release|Any CPU.Build.0 = Release|Any CPU
	EndGlobalSection
	GlobalSection(SolutionProperties) = preSolution
		HideSolutionNode = FALSE
	EndGlobalSection
	GlobalSection(ExtensibilityGlobals) = postSolution
		SolutionGuid = {C9C1F5CC-B45C-4B04-94B9-B990BD23887B}
	EndGlobalSection
EndGlobal
